
Microsoft Visual Studio Solution File, Format Version 12.00
# Visual Studio Version 16
VisualStudioVersion = 16.0.30320.27
MinimumVisualStudioVersion = 10.0.40219.1
Project("{9A19103F-16F7-4668-BE54-9A1E7A4F7556}") = "ClientServerLib", "src\ClientServerLib\ClientServerLib.csproj", "{84D330CD-4F6F-46A8-9D4A-BCD419D1A3D0}"
EndProject
Project("{9A19103F-16F7-4668-BE54-9A1E7A4F7556}") = "ClientServerLibTests", "tests\ClientServerLibTests\ClientServerLibTests.csproj", "{7D9506CE-A84B-4013-BA36-2AA67A50F27D}"
EndProject
Global
	GlobalSection(SolutionConfigurationPlatforms) = preSolution
		Debug|Any CPU = Debug|Any CPU
		Release|Any CPU = Release|Any CPU
	EndGlobalSection
	GlobalSection(ProjectConfigurationPlatforms) = postSolution
		{84D330CD-4F6F-46A8-9D4A-BCD419D1A3D0}.Debug|Any CPU.ActiveCfg = Debug|Any CPU
		{84D330CD-4F6F-46A8-9D4A-BCD419D1A3D0}.Debug|Any CPU.Build.0 = Debug|Any CPU
		{84D330CD-4F6F-46A8-9D4A-BCD419D1A3D0}.Release|Any CPU.ActiveCfg = Release|Any CPU
		{84D330CD-4F6F-46A8-9D4A-BCD419D1A3D0}.Release|Any CPU.Build.0 = Release|Any CPU
		{7D9506CE-A84B-4013-BA36-2AA67A50F27D}.Debug|Any CPU.ActiveCfg = Debug|Any CPU
		{7D9506CE-A84B-4013-BA36-2AA67A50F27D}.Debug|Any CPU.Build.0 = Debug|Any CPU
		{7D9506CE-A84B-4013-BA36-2AA67A50F27D}.Release|Any CPU.ActiveCfg = Release|Any CPU
		{7D9506CE-A84B-4013-BA36-2AA67A50F27D}.Release|Any CPU.Build.0 = Release|Any CPU
	EndGlobalSection
	GlobalSection(SolutionProperties) = preSolution
		HideSolutionNode = FALSE
	EndGlobalSection
	GlobalSection(ExtensibilityGlobals) = postSolution
		SolutionGuid = {0F5AB9E8-249E-40C5-9CE5-47C19F528617}
	EndGlobalSection
EndGlobal
