
Microsoft Visual Studio Solution File, Format Version 12.00
# Visual Studio 15
VisualStudioVersion = 15.0.28307.1169
MinimumVisualStudioVersion = 10.0.40219.1
Project("{2150E333-8FDC-42A3-9474-1A3956D46DE8}") = "Task2", "Task2", "{665FC0E2-F21A-4FA2-AEE4-99C0B8CA5A00}"
EndProject
Project("{2150E333-8FDC-42A3-9474-1A3956D46DE8}") = "Task2.1", "Task2.1", "{5FEFEFE3-D45F-47E3-90D4-0DAF9F901047}"
EndProject
Project("{2150E333-8FDC-42A3-9474-1A3956D46DE8}") = "Tests", "Tests", "{F80C0612-047B-4810-9197-B96B167B78E0}"
EndProject
Project("{FAE04EC0-301F-11D3-BF4B-00C04F79EFBC}") = "Task2.1", "src\Task2.1\Task2.1.csproj", "{50725DF6-CB84-4955-80D7-8A9FDDE94D49}"
EndProject
Project("{FAE04EC0-301F-11D3-BF4B-00C04F79EFBC}") = "Task2.1Tests", "tests\Task2.1Tests\Task2.1Tests.csproj", "{43B40A89-28E6-4E7C-BD43-1E318B3D44B6}"
EndProject
Project("{2150E333-8FDC-42A3-9474-1A3956D46DE8}") = "Task2.2", "Task2.2", "{EC0363C3-B3AB-4958-9AA4-AE2AC7FB87C0}"
EndProject
Project("{FAE04EC0-301F-11D3-BF4B-00C04F79EFBC}") = "Task2.2", "src\Task2.2\Task2.2.csproj", "{C9F1FD1A-4EC8-4D66-A8F6-254F46F47C85}"
EndProject
Project("{FAE04EC0-301F-11D3-BF4B-00C04F79EFBC}") = "Task2.2Tests", "tests\Task2.2Tests\Task2.2Tests.csproj", "{0DA11873-37BB-4C1F-B6EE-EC8511806319}"
EndProject
Project("{2150E333-8FDC-42A3-9474-1A3956D46DE8}") = "Task2.3", "Task2.3", "{178CAD28-4915-426C-ABBA-D8DFA1C95B02}"
EndProject
Project("{2150E333-8FDC-42A3-9474-1A3956D46DE8}") = "Task2.3Tests", "Task2.3Tests", "{3BA591DA-722D-47BD-ACB1-F785C60472AF}"
EndProject
Project("{FAE04EC0-301F-11D3-BF4B-00C04F79EFBC}") = "Product.Model.Lib", "src\Task2.3\Product.Model.Lib\Product.Model.Lib.csproj", "{DEAA3C49-4B0B-4156-84CE-C38D70B7E8F5}"
EndProject
Project("{FAE04EC0-301F-11D3-BF4B-00C04F79EFBC}") = "Product.Model.LibTests", "tests\Task2.3Tests\Product.Model.LibTests\Product.Model.LibTests.csproj", "{EFCAA7A8-0256-41D3-9851-4D217707633C}"
EndProject
Global
	GlobalSection(SolutionConfigurationPlatforms) = preSolution
		Debug|Any CPU = Debug|Any CPU
		Release|Any CPU = Release|Any CPU
	EndGlobalSection
	GlobalSection(ProjectConfigurationPlatforms) = postSolution
		{50725DF6-CB84-4955-80D7-8A9FDDE94D49}.Debug|Any CPU.ActiveCfg = Debug|Any CPU
		{50725DF6-CB84-4955-80D7-8A9FDDE94D49}.Debug|Any CPU.Build.0 = Debug|Any CPU
		{50725DF6-CB84-4955-80D7-8A9FDDE94D49}.Release|Any CPU.ActiveCfg = Release|Any CPU
		{50725DF6-CB84-4955-80D7-8A9FDDE94D49}.Release|Any CPU.Build.0 = Release|Any CPU
		{43B40A89-28E6-4E7C-BD43-1E318B3D44B6}.Debug|Any CPU.ActiveCfg = Debug|Any CPU
		{43B40A89-28E6-4E7C-BD43-1E318B3D44B6}.Debug|Any CPU.Build.0 = Debug|Any CPU
		{43B40A89-28E6-4E7C-BD43-1E318B3D44B6}.Release|Any CPU.ActiveCfg = Release|Any CPU
		{43B40A89-28E6-4E7C-BD43-1E318B3D44B6}.Release|Any CPU.Build.0 = Release|Any CPU
		{C9F1FD1A-4EC8-4D66-A8F6-254F46F47C85}.Debug|Any CPU.ActiveCfg = Debug|Any CPU
		{C9F1FD1A-4EC8-4D66-A8F6-254F46F47C85}.Debug|Any CPU.Build.0 = Debug|Any CPU
		{C9F1FD1A-4EC8-4D66-A8F6-254F46F47C85}.Release|Any CPU.ActiveCfg = Release|Any CPU
		{C9F1FD1A-4EC8-4D66-A8F6-254F46F47C85}.Release|Any CPU.Build.0 = Release|Any CPU
		{0DA11873-37BB-4C1F-B6EE-EC8511806319}.Debug|Any CPU.ActiveCfg = Debug|Any CPU
		{0DA11873-37BB-4C1F-B6EE-EC8511806319}.Debug|Any CPU.Build.0 = Debug|Any CPU
		{0DA11873-37BB-4C1F-B6EE-EC8511806319}.Release|Any CPU.ActiveCfg = Release|Any CPU
		{0DA11873-37BB-4C1F-B6EE-EC8511806319}.Release|Any CPU.Build.0 = Release|Any CPU
		{DEAA3C49-4B0B-4156-84CE-C38D70B7E8F5}.Debug|Any CPU.ActiveCfg = Debug|Any CPU
		{DEAA3C49-4B0B-4156-84CE-C38D70B7E8F5}.Debug|Any CPU.Build.0 = Debug|Any CPU
		{DEAA3C49-4B0B-4156-84CE-C38D70B7E8F5}.Release|Any CPU.ActiveCfg = Release|Any CPU
		{DEAA3C49-4B0B-4156-84CE-C38D70B7E8F5}.Release|Any CPU.Build.0 = Release|Any CPU
		{EFCAA7A8-0256-41D3-9851-4D217707633C}.Debug|Any CPU.ActiveCfg = Debug|Any CPU
		{EFCAA7A8-0256-41D3-9851-4D217707633C}.Debug|Any CPU.Build.0 = Debug|Any CPU
		{EFCAA7A8-0256-41D3-9851-4D217707633C}.Release|Any CPU.ActiveCfg = Release|Any CPU
		{EFCAA7A8-0256-41D3-9851-4D217707633C}.Release|Any CPU.Build.0 = Release|Any CPU
	EndGlobalSection
	GlobalSection(SolutionProperties) = preSolution
		HideSolutionNode = FALSE
	EndGlobalSection
	GlobalSection(NestedProjects) = preSolution
		{5FEFEFE3-D45F-47E3-90D4-0DAF9F901047} = {665FC0E2-F21A-4FA2-AEE4-99C0B8CA5A00}
		{50725DF6-CB84-4955-80D7-8A9FDDE94D49} = {5FEFEFE3-D45F-47E3-90D4-0DAF9F901047}
		{43B40A89-28E6-4E7C-BD43-1E318B3D44B6} = {F80C0612-047B-4810-9197-B96B167B78E0}
		{EC0363C3-B3AB-4958-9AA4-AE2AC7FB87C0} = {665FC0E2-F21A-4FA2-AEE4-99C0B8CA5A00}
		{C9F1FD1A-4EC8-4D66-A8F6-254F46F47C85} = {EC0363C3-B3AB-4958-9AA4-AE2AC7FB87C0}
		{0DA11873-37BB-4C1F-B6EE-EC8511806319} = {F80C0612-047B-4810-9197-B96B167B78E0}
		{178CAD28-4915-426C-ABBA-D8DFA1C95B02} = {665FC0E2-F21A-4FA2-AEE4-99C0B8CA5A00}
		{3BA591DA-722D-47BD-ACB1-F785C60472AF} = {F80C0612-047B-4810-9197-B96B167B78E0}
		{DEAA3C49-4B0B-4156-84CE-C38D70B7E8F5} = {178CAD28-4915-426C-ABBA-D8DFA1C95B02}
		{EFCAA7A8-0256-41D3-9851-4D217707633C} = {3BA591DA-722D-47BD-ACB1-F785C60472AF}
	EndGlobalSection
	GlobalSection(ExtensibilityGlobals) = postSolution
		SolutionGuid = {B3DC0CEC-418E-420B-9EAB-F5B51A4A51C7}
	EndGlobalSection
EndGlobal
